
Microsoft Visual Studio Solution File, Format Version 12.00
# Visual Studio Version 16
VisualStudioVersion = 16.0.31005.135
MinimumVisualStudioVersion = 10.0.40219.1
Project("{9A19103F-16F7-4668-BE54-9A1E7A4F7556}") = "Лабор1", "Лабор1\Лабор1.csproj", "{2BA9A38F-799A-4C6C-9F52-F2741CF53E53}"
EndProject
Project("{9A19103F-16F7-4668-BE54-9A1E7A4F7556}") = "Лабор2", "Лабор2\Лабор2.csproj", "{1063D3D4-E932-4CF0-9D32-C6F7DBE0AFBB}"
EndProject
Project("{FAE04EC0-301F-11D3-BF4B-00C04F79EFBC}") = "Лабор3", "Лабор3\Лабор3.csproj", "{170AE297-2AA7-4A36-8E21-0377A3CB97D4}"
EndProject
Global
	GlobalSection(SolutionConfigurationPlatforms) = preSolution
		Debug|Any CPU = Debug|Any CPU
		Release|Any CPU = Release|Any CPU
	EndGlobalSection
	GlobalSection(ProjectConfigurationPlatforms) = postSolution
		{2BA9A38F-799A-4C6C-9F52-F2741CF53E53}.Debug|Any CPU.ActiveCfg = Debug|Any CPU
		{2BA9A38F-799A-4C6C-9F52-F2741CF53E53}.Debug|Any CPU.Build.0 = Debug|Any CPU
		{2BA9A38F-799A-4C6C-9F52-F2741CF53E53}.Release|Any CPU.ActiveCfg = Release|Any CPU
		{2BA9A38F-799A-4C6C-9F52-F2741CF53E53}.Release|Any CPU.Build.0 = Release|Any CPU
		{1063D3D4-E932-4CF0-9D32-C6F7DBE0AFBB}.Debug|Any CPU.ActiveCfg = Debug|Any CPU
		{1063D3D4-E932-4CF0-9D32-C6F7DBE0AFBB}.Debug|Any CPU.Build.0 = Debug|Any CPU
		{1063D3D4-E932-4CF0-9D32-C6F7DBE0AFBB}.Release|Any CPU.ActiveCfg = Release|Any CPU
		{1063D3D4-E932-4CF0-9D32-C6F7DBE0AFBB}.Release|Any CPU.Build.0 = Release|Any CPU
		{170AE297-2AA7-4A36-8E21-0377A3CB97D4}.Debug|Any CPU.ActiveCfg = Debug|Any CPU
		{170AE297-2AA7-4A36-8E21-0377A3CB97D4}.Debug|Any CPU.Build.0 = Debug|Any CPU
		{170AE297-2AA7-4A36-8E21-0377A3CB97D4}.Release|Any CPU.ActiveCfg = Release|Any CPU
		{170AE297-2AA7-4A36-8E21-0377A3CB97D4}.Release|Any CPU.Build.0 = Release|Any CPU
	EndGlobalSection
	GlobalSection(SolutionProperties) = preSolution
		HideSolutionNode = FALSE
	EndGlobalSection
	GlobalSection(ExtensibilityGlobals) = postSolution
		SolutionGuid = {54A13CA6-7080-438A-B836-39BC91157CBE}
	EndGlobalSection
EndGlobal
